{
  "name": "simutrans-dat-vscode-extention",
  "version": "0.0.1",
  "lockfileVersion": 1,
  "requires": true,
  "dependencies": {
    "alpha-sort": {
      "version": "3.0.0",
      "resolved": "https://registry.npmjs.org/alpha-sort/-/alpha-sort-3.0.0.tgz",
      "integrity": "sha512-7xJFXsQ5jWnnK8O6141+DWrdbXq9OrAWlbjHX0FCvcVOwng+f2Hqc3yDFIMf2R0rVeJok4N5M8KD87PwUiokUw==",
      "dev": true
    }
  }
}
